
Microsoft Visual Studio Solution File, Format Version 12.00
# Visual Studio 15
VisualStudioVersion = 15.0.28010.2048
MinimumVisualStudioVersion = 10.0.40219.1
Project("{FAE04EC0-301F-11D3-BF4B-00C04F79EFBC}") = "testeSourceTree", "testeSourceTree\testeSourceTree.csproj", "{FF780581-9568-4CF5-A0CA-826D25C255DD}"
EndProject
Global
	GlobalSection(SolutionConfigurationPlatforms) = preSolution
		Debug|Any CPU = Debug|Any CPU
		Release|Any CPU = Release|Any CPU
	EndGlobalSection
	GlobalSection(ProjectConfigurationPlatforms) = postSolution
		{FF780581-9568-4CF5-A0CA-826D25C255DD}.Debug|Any CPU.ActiveCfg = Debug|Any CPU
		{FF780581-9568-4CF5-A0CA-826D25C255DD}.Debug|Any CPU.Build.0 = Debug|Any CPU
		{FF780581-9568-4CF5-A0CA-826D25C255DD}.Release|Any CPU.ActiveCfg = Release|Any CPU
		{FF780581-9568-4CF5-A0CA-826D25C255DD}.Release|Any CPU.Build.0 = Release|Any CPU
	EndGlobalSection
	GlobalSection(SolutionProperties) = preSolution
		HideSolutionNode = FALSE
	EndGlobalSection
	GlobalSection(ExtensibilityGlobals) = postSolution
		SolutionGuid = {20C2DE3F-3CEE-404A-814C-AD6228C62A89}
	EndGlobalSection
EndGlobal
